// !$*UTF8*$!
{
	archiveVersion = 1;
	classes = {
	};
	objectVersion = 52;
	objects = {

/* Begin PBXBuildFile section */
		3E0E4AA8270843D30020F616 /* AppDelegate.swift in Sources */ = {isa = PBXBuildFile; fileRef = 3E0E4AA7270843D30020F616 /* AppDelegate.swift */; };
		3E0E4AAA270843D30020F616 /* SceneDelegate.swift in Sources */ = {isa = PBXBuildFile; fileRef = 3E0E4AA9270843D30020F616 /* SceneDelegate.swift */; };
		3E0E4AAF270843D30020F616 /* Main.storyboard in Resources */ = {isa = PBXBuildFile; fileRef = 3E0E4AAD270843D30020F616 /* Main.storyboard */; };
		3E0E4AB1270843D40020F616 /* Assets.xcassets in Resources */ = {isa = PBXBuildFile; fileRef = 3E0E4AB0270843D40020F616 /* Assets.xcassets */; };
		3E0E4AB4270843D40020F616 /* LaunchScreen.storyboard in Resources */ = {isa = PBXBuildFile; fileRef = 3E0E4AB2270843D40020F616 /* LaunchScreen.storyboard */; };
		3E0E4ABF27084F980020F616 /* NetworkManger.swift in Sources */ = {isa = PBXBuildFile; fileRef = 3E0E4ABE27084F980020F616 /* NetworkManger.swift */; };
		3E0E4AC627084FA20020F616 /* URLRequest.swift in Sources */ = {isa = PBXBuildFile; fileRef = 3E0E4AC127084FA20020F616 /* URLRequest.swift */; };
		3E0E4AC727084FA20020F616 /* Array.swift in Sources */ = {isa = PBXBuildFile; fileRef = 3E0E4AC227084FA20020F616 /* Array.swift */; };
		3E0E4AC827084FA20020F616 /* UICollectionView.swift in Sources */ = {isa = PBXBuildFile; fileRef = 3E0E4AC327084FA20020F616 /* UICollectionView.swift */; };
		3E0E4AC927084FA20020F616 /* UITableView.swift in Sources */ = {isa = PBXBuildFile; fileRef = 3E0E4AC427084FA20020F616 /* UITableView.swift */; };
		3E0E4ACA27084FA20020F616 /* DateFormatter.swift in Sources */ = {isa = PBXBuildFile; fileRef = 3E0E4AC527084FA20020F616 /* DateFormatter.swift */; };
		3E0E4ACD27084FAA0020F616 /* Reusable.swift in Sources */ = {isa = PBXBuildFile; fileRef = 3E0E4ACC27084FAA0020F616 /* Reusable.swift */; };
		3E0E4AD1270856630020F616 /* SplashViewController.swift in Sources */ = {isa = PBXBuildFile; fileRef = 3E0E4AD0270856630020F616 /* SplashViewController.swift */; };
		3E0E4AD82708726D0020F616 /* UIView.swift in Sources */ = {isa = PBXBuildFile; fileRef = 3E0E4AD72708726D0020F616 /* UIView.swift */; };
		3E0E4ADA270872E50020F616 /* EnterEmailViewController.swift in Sources */ = {isa = PBXBuildFile; fileRef = 3E0E4AD9270872E50020F616 /* EnterEmailViewController.swift */; };
		3E0E4ADC270872F70020F616 /* Login.storyboard in Resources */ = {isa = PBXBuildFile; fileRef = 3E0E4ADB270872F70020F616 /* Login.storyboard */; };
		3E0E4ADE270876190020F616 /* Button.swift in Sources */ = {isa = PBXBuildFile; fileRef = 3E0E4ADD270876190020F616 /* Button.swift */; };
		3E0E4AE0270882A20020F616 /* TextField.swift in Sources */ = {isa = PBXBuildFile; fileRef = 3E0E4ADF270882A20020F616 /* TextField.swift */; };
		3E0E4AE32708CD570020F616 /* AuthenticationViewController.swift in Sources */ = {isa = PBXBuildFile; fileRef = 3E0E4AE22708CD570020F616 /* AuthenticationViewController.swift */; };
		3E0E4AE52708DA970020F616 /* SetPasswordViewController.swift in Sources */ = {isa = PBXBuildFile; fileRef = 3E0E4AE42708DA970020F616 /* SetPasswordViewController.swift */; };
		3E0E4AE72708DB010020F616 /* MakeNicknameViewController.swift in Sources */ = {isa = PBXBuildFile; fileRef = 3E0E4AE62708DB010020F616 /* MakeNicknameViewController.swift */; };
		3E4AFBC6273EBBFD008438EA /* EmailLoginViewController.swift in Sources */ = {isa = PBXBuildFile; fileRef = 3E4AFBC5273EBBFD008438EA /* EmailLoginViewController.swift */; };
		3E4AFBCC273ECDB1008438EA /* LoginSelectViewController.swift in Sources */ = {isa = PBXBuildFile; fileRef = 3E4AFBCB273ECDB1008438EA /* LoginSelectViewController.swift */; };
		3E4AFBCF273ED172008438EA /* Review.storyboard in Resources */ = {isa = PBXBuildFile; fileRef = 3E4AFBCE273ED172008438EA /* Review.storyboard */; };
		3E4AFBD1273ED505008438EA /* SearchViewController.swift in Sources */ = {isa = PBXBuildFile; fileRef = 3E4AFBD0273ED505008438EA /* SearchViewController.swift */; };
		3E4AFBD4273ED572008438EA /* SearchTableViewCell.swift in Sources */ = {isa = PBXBuildFile; fileRef = 3E4AFBD3273ED572008438EA /* SearchTableViewCell.swift */; };
		3E4AFBD6273F9BC3008438EA /* HallSelectViewController.swift in Sources */ = {isa = PBXBuildFile; fileRef = 3E4AFBD5273F9BC3008438EA /* HallSelectViewController.swift */; };
		FFE19B3427086FBE000C2B9A /* MainTabBarController.swift in Sources */ = {isa = PBXBuildFile; fileRef = FFE19B3327086FBE000C2B9A /* MainTabBarController.swift */; };
		FFE19B3627086FCC000C2B9A /* MainTabBarController.storyboard in Resources */ = {isa = PBXBuildFile; fileRef = FFE19B3527086FCC000C2B9A /* MainTabBarController.storyboard */; };
		FFE19B3927087013000C2B9A /* HomeViewController.swift in Sources */ = {isa = PBXBuildFile; fileRef = FFE19B3827087013000C2B9A /* HomeViewController.swift */; };
		FFE19B3B27087028000C2B9A /* HomeViewController.storyboard in Resources */ = {isa = PBXBuildFile; fileRef = FFE19B3A27087028000C2B9A /* HomeViewController.storyboard */; };
		FFE19B3F270870D0000C2B9A /* -----View----- in Resources */ = {isa = PBXBuildFile; fileRef = FFE19B3E270870D0000C2B9A /* -----View----- */; };
		FFE19B41270870F7000C2B9A /* -----Others----- in Resources */ = {isa = PBXBuildFile; fileRef = FFE19B40270870F7000C2B9A /* -----Others----- */; };
		FFE19B432708711B000C2B9A /* -----App----- in Resources */ = {isa = PBXBuildFile; fileRef = FFE19B422708711B000C2B9A /* -----App----- */; };
		FFE19B4527087133000C2B9A /* -----Helper----- in Resources */ = {isa = PBXBuildFile; fileRef = FFE19B4427087133000C2B9A /* -----Helper----- */; };
		FFE19B472708726B000C2B9A /* Storyboardable.swift in Sources */ = {isa = PBXBuildFile; fileRef = FFE19B462708726B000C2B9A /* Storyboardable.swift */; };
		FFE19B4A270885D4000C2B9A /* PanModal in Frameworks */ = {isa = PBXBuildFile; productRef = FFE19B49270885D4000C2B9A /* PanModal */; };
		FFE19B4C2708876A000C2B9A /* AppsBottomSheet.swift in Sources */ = {isa = PBXBuildFile; fileRef = FFE19B4B2708876A000C2B9A /* AppsBottomSheet.swift */; };
		FFE19B4E27088779000C2B9A /* AppsBottomSheet.storyboard in Resources */ = {isa = PBXBuildFile; fileRef = FFE19B4D27088779000C2B9A /* AppsBottomSheet.storyboard */; };
		FFE19B5027088BDE000C2B9A /* HomeAppCell.xib in Resources */ = {isa = PBXBuildFile; fileRef = FFE19B4F27088BDE000C2B9A /* HomeAppCell.xib */; };
		FFE19B5227088BE5000C2B9A /* HomeAppCell.swift in Sources */ = {isa = PBXBuildFile; fileRef = FFE19B5127088BE5000C2B9A /* HomeAppCell.swift */; };
		FFE19B5527088D4D000C2B9A /* Kingfisher in Frameworks */ = {isa = PBXBuildFile; productRef = FFE19B5427088D4D000C2B9A /* Kingfisher */; };
		FFE19B572708CDC9000C2B9A /* HomeViewModel.swift in Sources */ = {isa = PBXBuildFile; fileRef = FFE19B562708CDC9000C2B9A /* HomeViewModel.swift */; };
		FFE19B592708E866000C2B9A /* BottomSheetDragIndicator.swift in Sources */ = {isa = PBXBuildFile; fileRef = FFE19B582708E866000C2B9A /* BottomSheetDragIndicator.swift */; };
		FFE19B5B2708F740000C2B9A /* HomeAppAddCell.swift in Sources */ = {isa = PBXBuildFile; fileRef = FFE19B5A2708F740000C2B9A /* HomeAppAddCell.swift */; };
		FFE19B5D2708F74A000C2B9A /* HomeAppAddCell.xib in Resources */ = {isa = PBXBuildFile; fileRef = FFE19B5C2708F74A000C2B9A /* HomeAppAddCell.xib */; };
/* End PBXBuildFile section */

/* Begin PBXFileReference section */
		3E0E4AA4270843D30020F616 /* Space.app */ = {isa = PBXFileReference; explicitFileType = wrapper.application; includeInIndex = 0; path = Space.app; sourceTree = BUILT_PRODUCTS_DIR; };
		3E0E4AA7270843D30020F616 /* AppDelegate.swift */ = {isa = PBXFileReference; lastKnownFileType = sourcecode.swift; path = AppDelegate.swift; sourceTree = "<group>"; };
		3E0E4AA9270843D30020F616 /* SceneDelegate.swift */ = {isa = PBXFileReference; lastKnownFileType = sourcecode.swift; path = SceneDelegate.swift; sourceTree = "<group>"; };
		3E0E4AAE270843D30020F616 /* Base */ = {isa = PBXFileReference; lastKnownFileType = file.storyboard; name = Base; path = Base.lproj/Main.storyboard; sourceTree = "<group>"; };
		3E0E4AB0270843D40020F616 /* Assets.xcassets */ = {isa = PBXFileReference; lastKnownFileType = folder.assetcatalog; path = Assets.xcassets; sourceTree = "<group>"; };
		3E0E4AB3270843D40020F616 /* Base */ = {isa = PBXFileReference; lastKnownFileType = file.storyboard; name = Base; path = Base.lproj/LaunchScreen.storyboard; sourceTree = "<group>"; };
		3E0E4AB5270843D40020F616 /* Info.plist */ = {isa = PBXFileReference; lastKnownFileType = text.plist.xml; path = Info.plist; sourceTree = "<group>"; };
		3E0E4ABE27084F980020F616 /* NetworkManger.swift */ = {isa = PBXFileReference; fileEncoding = 4; lastKnownFileType = sourcecode.swift; path = NetworkManger.swift; sourceTree = "<group>"; };
		3E0E4AC127084FA20020F616 /* URLRequest.swift */ = {isa = PBXFileReference; fileEncoding = 4; lastKnownFileType = sourcecode.swift; path = URLRequest.swift; sourceTree = "<group>"; };
		3E0E4AC227084FA20020F616 /* Array.swift */ = {isa = PBXFileReference; fileEncoding = 4; lastKnownFileType = sourcecode.swift; path = Array.swift; sourceTree = "<group>"; };
		3E0E4AC327084FA20020F616 /* UICollectionView.swift */ = {isa = PBXFileReference; fileEncoding = 4; lastKnownFileType = sourcecode.swift; path = UICollectionView.swift; sourceTree = "<group>"; };
		3E0E4AC427084FA20020F616 /* UITableView.swift */ = {isa = PBXFileReference; fileEncoding = 4; lastKnownFileType = sourcecode.swift; path = UITableView.swift; sourceTree = "<group>"; };
		3E0E4AC527084FA20020F616 /* DateFormatter.swift */ = {isa = PBXFileReference; fileEncoding = 4; lastKnownFileType = sourcecode.swift; path = DateFormatter.swift; sourceTree = "<group>"; };
		3E0E4ACC27084FAA0020F616 /* Reusable.swift */ = {isa = PBXFileReference; fileEncoding = 4; lastKnownFileType = sourcecode.swift; path = Reusable.swift; sourceTree = "<group>"; };
		3E0E4AD0270856630020F616 /* SplashViewController.swift */ = {isa = PBXFileReference; lastKnownFileType = sourcecode.swift; path = SplashViewController.swift; sourceTree = "<group>"; };
		3E0E4AD72708726D0020F616 /* UIView.swift */ = {isa = PBXFileReference; lastKnownFileType = sourcecode.swift; path = UIView.swift; sourceTree = "<group>"; };
		3E0E4AD9270872E50020F616 /* EnterEmailViewController.swift */ = {isa = PBXFileReference; lastKnownFileType = sourcecode.swift; path = EnterEmailViewController.swift; sourceTree = "<group>"; };
		3E0E4ADB270872F70020F616 /* Login.storyboard */ = {isa = PBXFileReference; lastKnownFileType = file.storyboard; path = Login.storyboard; sourceTree = "<group>"; };
		3E0E4ADD270876190020F616 /* Button.swift */ = {isa = PBXFileReference; lastKnownFileType = sourcecode.swift; path = Button.swift; sourceTree = "<group>"; };
		3E0E4ADF270882A20020F616 /* TextField.swift */ = {isa = PBXFileReference; lastKnownFileType = sourcecode.swift; path = TextField.swift; sourceTree = "<group>"; };
		3E0E4AE22708CD570020F616 /* AuthenticationViewController.swift */ = {isa = PBXFileReference; lastKnownFileType = sourcecode.swift; path = AuthenticationViewController.swift; sourceTree = "<group>"; };
		3E0E4AE42708DA970020F616 /* SetPasswordViewController.swift */ = {isa = PBXFileReference; lastKnownFileType = sourcecode.swift; path = SetPasswordViewController.swift; sourceTree = "<group>"; };
		3E0E4AE62708DB010020F616 /* MakeNicknameViewController.swift */ = {isa = PBXFileReference; lastKnownFileType = sourcecode.swift; path = MakeNicknameViewController.swift; sourceTree = "<group>"; };
		3E4AFBC5273EBBFD008438EA /* EmailLoginViewController.swift */ = {isa = PBXFileReference; lastKnownFileType = sourcecode.swift; path = EmailLoginViewController.swift; sourceTree = "<group>"; };
		3E4AFBCB273ECDB1008438EA /* LoginSelectViewController.swift */ = {isa = PBXFileReference; lastKnownFileType = sourcecode.swift; path = LoginSelectViewController.swift; sourceTree = "<group>"; };
		3E4AFBCE273ED172008438EA /* Review.storyboard */ = {isa = PBXFileReference; lastKnownFileType = file.storyboard; path = Review.storyboard; sourceTree = "<group>"; };
		3E4AFBD0273ED505008438EA /* SearchViewController.swift */ = {isa = PBXFileReference; lastKnownFileType = sourcecode.swift; path = SearchViewController.swift; sourceTree = "<group>"; };
		3E4AFBD3273ED572008438EA /* SearchTableViewCell.swift */ = {isa = PBXFileReference; lastKnownFileType = sourcecode.swift; path = SearchTableViewCell.swift; sourceTree = "<group>"; };
		3E4AFBD5273F9BC3008438EA /* HallSelectViewController.swift */ = {isa = PBXFileReference; lastKnownFileType = sourcecode.swift; path = HallSelectViewController.swift; sourceTree = "<group>"; };
		FFE19B3327086FBE000C2B9A /* MainTabBarController.swift */ = {isa = PBXFileReference; lastKnownFileType = sourcecode.swift; path = MainTabBarController.swift; sourceTree = "<group>"; };
		FFE19B3527086FCC000C2B9A /* MainTabBarController.storyboard */ = {isa = PBXFileReference; lastKnownFileType = file.storyboard; path = MainTabBarController.storyboard; sourceTree = "<group>"; };
		FFE19B3827087013000C2B9A /* HomeViewController.swift */ = {isa = PBXFileReference; lastKnownFileType = sourcecode.swift; path = HomeViewController.swift; sourceTree = "<group>"; };
		FFE19B3A27087028000C2B9A /* HomeViewController.storyboard */ = {isa = PBXFileReference; lastKnownFileType = file.storyboard; path = HomeViewController.storyboard; sourceTree = "<group>"; };
		FFE19B3E270870D0000C2B9A /* -----View----- */ = {isa = PBXFileReference; lastKnownFileType = text; path = "-----View-----"; sourceTree = "<group>"; };
		FFE19B40270870F7000C2B9A /* -----Others----- */ = {isa = PBXFileReference; lastKnownFileType = text; path = "-----Others-----"; sourceTree = "<group>"; };
		FFE19B422708711B000C2B9A /* -----App----- */ = {isa = PBXFileReference; lastKnownFileType = text; path = "-----App-----"; sourceTree = "<group>"; };
		FFE19B4427087133000C2B9A /* -----Helper----- */ = {isa = PBXFileReference; lastKnownFileType = text; path = "-----Helper-----"; sourceTree = "<group>"; };
		FFE19B462708726B000C2B9A /* Storyboardable.swift */ = {isa = PBXFileReference; lastKnownFileType = sourcecode.swift; path = Storyboardable.swift; sourceTree = "<group>"; };
		FFE19B4B2708876A000C2B9A /* AppsBottomSheet.swift */ = {isa = PBXFileReference; lastKnownFileType = sourcecode.swift; path = AppsBottomSheet.swift; sourceTree = "<group>"; };
		FFE19B4D27088779000C2B9A /* AppsBottomSheet.storyboard */ = {isa = PBXFileReference; lastKnownFileType = file.storyboard; path = AppsBottomSheet.storyboard; sourceTree = "<group>"; };
		FFE19B4F27088BDE000C2B9A /* HomeAppCell.xib */ = {isa = PBXFileReference; lastKnownFileType = file.xib; path = HomeAppCell.xib; sourceTree = "<group>"; };
		FFE19B5127088BE5000C2B9A /* HomeAppCell.swift */ = {isa = PBXFileReference; lastKnownFileType = sourcecode.swift; path = HomeAppCell.swift; sourceTree = "<group>"; };
		FFE19B562708CDC9000C2B9A /* HomeViewModel.swift */ = {isa = PBXFileReference; lastKnownFileType = sourcecode.swift; path = HomeViewModel.swift; sourceTree = "<group>"; };
		FFE19B582708E866000C2B9A /* BottomSheetDragIndicator.swift */ = {isa = PBXFileReference; lastKnownFileType = sourcecode.swift; path = BottomSheetDragIndicator.swift; sourceTree = "<group>"; };
		FFE19B5A2708F740000C2B9A /* HomeAppAddCell.swift */ = {isa = PBXFileReference; lastKnownFileType = sourcecode.swift; path = HomeAppAddCell.swift; sourceTree = "<group>"; };
		FFE19B5C2708F74A000C2B9A /* HomeAppAddCell.xib */ = {isa = PBXFileReference; lastKnownFileType = file.xib; path = HomeAppAddCell.xib; sourceTree = "<group>"; };
/* End PBXFileReference section */

/* Begin PBXFrameworksBuildPhase section */
		3E0E4AA1270843D30020F616 /* Frameworks */ = {
			isa = PBXFrameworksBuildPhase;
			buildActionMask = 2147483647;
			files = (
				FFE19B5527088D4D000C2B9A /* Kingfisher in Frameworks */,
				FFE19B4A270885D4000C2B9A /* PanModal in Frameworks */,
			);
			runOnlyForDeploymentPostprocessing = 0;
		};
/* End PBXFrameworksBuildPhase section */

/* Begin PBXGroup section */
		3E0E4A9B270843D30020F616 = {
			isa = PBXGroup;
			children = (
				3E0E4AA6270843D30020F616 /* Space */,
				3E0E4AA5270843D30020F616 /* Products */,
			);
			sourceTree = "<group>";
		};
		3E0E4AA5270843D30020F616 /* Products */ = {
			isa = PBXGroup;
			children = (
				3E0E4AA4270843D30020F616 /* Space.app */,
			);
			name = Products;
			sourceTree = "<group>";
		};
		3E0E4AA6270843D30020F616 /* Space */ = {
			isa = PBXGroup;
			children = (
				FFE19B422708711B000C2B9A /* -----App----- */,
				FFE19B3D2708705B000C2B9A /* App */,
				FFE19B3227086FA8000C2B9A /* SupportingFiles */,
				FFE19B3E270870D0000C2B9A /* -----View----- */,
				3E0E4AD2270856AE0020F616 /* Splash */,
				FFE19B3727086FCF000C2B9A /* Main */,
				FFE19B3C27087039000C2B9A /* Home */,
				3E0E4AD6270872160020F616 /* Login */,
				3E4AFBCD273ED157008438EA /* Review */,
				FFE19B40270870F7000C2B9A /* -----Others----- */,
				3E0E4ABD27084F980020F616 /* Network */,
				FFE19B4427087133000C2B9A /* -----Helper----- */,
				3E0E4AE127089F070020F616 /* Subclass */,
				3E0E4AC027084FA20020F616 /* Extension */,
				3E0E4ACB27084FAA0020F616 /* Protocol */,
			);
			path = Space;
			sourceTree = "<group>";
		};
		3E0E4ABD27084F980020F616 /* Network */ = {
			isa = PBXGroup;
			children = (
				3E0E4ABE27084F980020F616 /* NetworkManger.swift */,
			);
			path = Network;
			sourceTree = "<group>";
		};
		3E0E4AC027084FA20020F616 /* Extension */ = {
			isa = PBXGroup;
			children = (
				3E0E4AC127084FA20020F616 /* URLRequest.swift */,
				3E0E4AC227084FA20020F616 /* Array.swift */,
				3E0E4AC327084FA20020F616 /* UICollectionView.swift */,
				3E0E4AC427084FA20020F616 /* UITableView.swift */,
				3E0E4AC527084FA20020F616 /* DateFormatter.swift */,
				3E0E4AD72708726D0020F616 /* UIView.swift */,
			);
			path = Extension;
			sourceTree = "<group>";
		};
		3E0E4ACB27084FAA0020F616 /* Protocol */ = {
			isa = PBXGroup;
			children = (
				3E0E4ACC27084FAA0020F616 /* Reusable.swift */,
				FFE19B462708726B000C2B9A /* Storyboardable.swift */,
			);
			path = Protocol;
			sourceTree = "<group>";
		};
		3E0E4AD2270856AE0020F616 /* Splash */ = {
			isa = PBXGroup;
			children = (
				3E0E4AB2270843D40020F616 /* LaunchScreen.storyboard */,
				3E0E4AD0270856630020F616 /* SplashViewController.swift */,
			);
			path = Splash;
			sourceTree = "<group>";
		};
		3E0E4AD6270872160020F616 /* Login */ = {
			isa = PBXGroup;
			children = (
				3E0E4ADB270872F70020F616 /* Login.storyboard */,
				3E4AFBCB273ECDB1008438EA /* LoginSelectViewController.swift */,
				3E4AFBC5273EBBFD008438EA /* EmailLoginViewController.swift */,
				3E0E4AD9270872E50020F616 /* EnterEmailViewController.swift */,
				3E0E4AE22708CD570020F616 /* AuthenticationViewController.swift */,
				3E0E4AE42708DA970020F616 /* SetPasswordViewController.swift */,
				3E0E4AE62708DB010020F616 /* MakeNicknameViewController.swift */,
			);
			path = Login;
			sourceTree = "<group>";
		};
		3E0E4AE127089F070020F616 /* Subclass */ = {
			isa = PBXGroup;
			children = (
				3E0E4ADD270876190020F616 /* Button.swift */,
				3E0E4ADF270882A20020F616 /* TextField.swift */,
			);
			path = Subclass;
			sourceTree = "<group>";
		};
		3E4AFBCD273ED157008438EA /* Review */ = {
			isa = PBXGroup;
			children = (
				3E4AFBD2273ED562008438EA /* Cell */,
				3E4AFBCE273ED172008438EA /* Review.storyboard */,
				3E4AFBD0273ED505008438EA /* SearchViewController.swift */,
				3E4AFBD5273F9BC3008438EA /* HallSelectViewController.swift */,
			);
			path = Review;
			sourceTree = "<group>";
		};
		3E4AFBD2273ED562008438EA /* Cell */ = {
			isa = PBXGroup;
			children = (
				3E4AFBD3273ED572008438EA /* SearchTableViewCell.swift */,
			);
			path = Cell;
			sourceTree = "<group>";
		};
		FFE19B3227086FA8000C2B9A /* SupportingFiles */ = {
			isa = PBXGroup;
			children = (
				3E0E4AB0270843D40020F616 /* Assets.xcassets */,
				3E0E4AB5270843D40020F616 /* Info.plist */,
			);
			path = SupportingFiles;
			sourceTree = "<group>";
		};
		FFE19B3727086FCF000C2B9A /* Main */ = {
			isa = PBXGroup;
			children = (
				FFE19B3527086FCC000C2B9A /* MainTabBarController.storyboard */,
				FFE19B3327086FBE000C2B9A /* MainTabBarController.swift */,
			);
			path = Main;
			sourceTree = "<group>";
		};
		FFE19B3C27087039000C2B9A /* Home */ = {
			isa = PBXGroup;
			children = (
				FFE19B3A27087028000C2B9A /* HomeViewController.storyboard */,
				FFE19B3827087013000C2B9A /* HomeViewController.swift */,
				FFE19B562708CDC9000C2B9A /* HomeViewModel.swift */,
				FFE19B5E2708F9FF000C2B9A /* BottomSheet */,
			);
			name = Home;
			path = Main/Home;
			sourceTree = "<group>";
		};
		FFE19B3D2708705B000C2B9A /* App */ = {
			isa = PBXGroup;
			children = (
				3E0E4AA7270843D30020F616 /* AppDelegate.swift */,
				3E0E4AA9270843D30020F616 /* SceneDelegate.swift */,
				3E0E4AAD270843D30020F616 /* Main.storyboard */,
			);
			path = App;
			sourceTree = "<group>";
		};
		FFE19B5E2708F9FF000C2B9A /* BottomSheet */ = {
			isa = PBXGroup;
			children = (
				FFE19B4D27088779000C2B9A /* AppsBottomSheet.storyboard */,
				FFE19B4B2708876A000C2B9A /* AppsBottomSheet.swift */,
				FFE19B582708E866000C2B9A /* BottomSheetDragIndicator.swift */,
				FFE19B4F27088BDE000C2B9A /* HomeAppCell.xib */,
				FFE19B5127088BE5000C2B9A /* HomeAppCell.swift */,
				FFE19B5C2708F74A000C2B9A /* HomeAppAddCell.xib */,
				FFE19B5A2708F740000C2B9A /* HomeAppAddCell.swift */,
			);
			path = BottomSheet;
			sourceTree = "<group>";
		};
/* End PBXGroup section */

/* Begin PBXNativeTarget section */
		3E0E4AA3270843D30020F616 /* Space */ = {
			isa = PBXNativeTarget;
			buildConfigurationList = 3E0E4AB8270843D40020F616 /* Build configuration list for PBXNativeTarget "Space" */;
			buildPhases = (
				3E0E4AA0270843D30020F616 /* Sources */,
				3E0E4AA1270843D30020F616 /* Frameworks */,
				3E0E4AA2270843D30020F616 /* Resources */,
			);
			buildRules = (
			);
			dependencies = (
			);
			name = Space;
			packageProductDependencies = (
				FFE19B49270885D4000C2B9A /* PanModal */,
				FFE19B5427088D4D000C2B9A /* Kingfisher */,
			);
			productName = Space;
			productReference = 3E0E4AA4270843D30020F616 /* Space.app */;
			productType = "com.apple.product-type.application";
		};
/* End PBXNativeTarget section */

/* Begin PBXProject section */
		3E0E4A9C270843D30020F616 /* Project object */ = {
			isa = PBXProject;
			attributes = {
				LastSwiftUpdateCheck = 1250;
				LastUpgradeCheck = 1250;
				TargetAttributes = {
					3E0E4AA3270843D30020F616 = {
						CreatedOnToolsVersion = 12.5.1;
					};
				};
			};
			buildConfigurationList = 3E0E4A9F270843D30020F616 /* Build configuration list for PBXProject "Space" */;
			compatibilityVersion = "Xcode 9.3";
			developmentRegion = en;
			hasScannedForEncodings = 0;
			knownRegions = (
				en,
				Base,
			);
			mainGroup = 3E0E4A9B270843D30020F616;
			packageReferences = (
				FFE19B48270885D4000C2B9A /* XCRemoteSwiftPackageReference "PanModal" */,
				FFE19B5327088D4D000C2B9A /* XCRemoteSwiftPackageReference "Kingfisher" */,
			);
			productRefGroup = 3E0E4AA5270843D30020F616 /* Products */;
			projectDirPath = "";
			projectRoot = "";
			targets = (
				3E0E4AA3270843D30020F616 /* Space */,
			);
		};
/* End PBXProject section */

/* Begin PBXResourcesBuildPhase section */
		3E0E4AA2270843D30020F616 /* Resources */ = {
			isa = PBXResourcesBuildPhase;
			buildActionMask = 2147483647;
			files = (
				FFE19B432708711B000C2B9A /* -----App----- in Resources */,
				FFE19B3B27087028000C2B9A /* HomeViewController.storyboard in Resources */,
				FFE19B5027088BDE000C2B9A /* HomeAppCell.xib in Resources */,
				3E0E4AB4270843D40020F616 /* LaunchScreen.storyboard in Resources */,
				FFE19B4E27088779000C2B9A /* AppsBottomSheet.storyboard in Resources */,
				FFE19B41270870F7000C2B9A /* -----Others----- in Resources */,
				3E4AFBCF273ED172008438EA /* Review.storyboard in Resources */,
				3E0E4ADC270872F70020F616 /* Login.storyboard in Resources */,
				3E0E4AB1270843D40020F616 /* Assets.xcassets in Resources */,
				FFE19B3F270870D0000C2B9A /* -----View----- in Resources */,
				3E0E4AAF270843D30020F616 /* Main.storyboard in Resources */,
				FFE19B4527087133000C2B9A /* -----Helper----- in Resources */,
				FFE19B5D2708F74A000C2B9A /* HomeAppAddCell.xib in Resources */,
				FFE19B3627086FCC000C2B9A /* MainTabBarController.storyboard in Resources */,
			);
			runOnlyForDeploymentPostprocessing = 0;
		};
/* End PBXResourcesBuildPhase section */

/* Begin PBXSourcesBuildPhase section */
		3E0E4AA0270843D30020F616 /* Sources */ = {
			isa = PBXSourcesBuildPhase;
			buildActionMask = 2147483647;
			files = (
				3E0E4AE72708DB010020F616 /* MakeNicknameViewController.swift in Sources */,
				3E4AFBD6273F9BC3008438EA /* HallSelectViewController.swift in Sources */,
				3E0E4AD82708726D0020F616 /* UIView.swift in Sources */,
				3E0E4ADA270872E50020F616 /* EnterEmailViewController.swift in Sources */,
				3E0E4ACA27084FA20020F616 /* DateFormatter.swift in Sources */,
				3E0E4AE0270882A20020F616 /* TextField.swift in Sources */,
				FFE19B5227088BE5000C2B9A /* HomeAppCell.swift in Sources */,
				FFE19B3427086FBE000C2B9A /* MainTabBarController.swift in Sources */,
				FFE19B572708CDC9000C2B9A /* HomeViewModel.swift in Sources */,
				FFE19B5B2708F740000C2B9A /* HomeAppAddCell.swift in Sources */,
				3E4AFBCC273ECDB1008438EA /* LoginSelectViewController.swift in Sources */,
				3E4AFBD4273ED572008438EA /* SearchTableViewCell.swift in Sources */,
				3E0E4AD1270856630020F616 /* SplashViewController.swift in Sources */,
				FFE19B592708E866000C2B9A /* BottomSheetDragIndicator.swift in Sources */,
				3E0E4AA8270843D30020F616 /* AppDelegate.swift in Sources */,
				3E0E4AC827084FA20020F616 /* UICollectionView.swift in Sources */,
				3E0E4ACD27084FAA0020F616 /* Reusable.swift in Sources */,
				3E0E4ABF27084F980020F616 /* NetworkManger.swift in Sources */,
				3E0E4AC727084FA20020F616 /* Array.swift in Sources */,
				3E0E4ADE270876190020F616 /* Button.swift in Sources */,
				FFE19B4C2708876A000C2B9A /* AppsBottomSheet.swift in Sources */,
				3E0E4AC927084FA20020F616 /* UITableView.swift in Sources */,
				FFE19B472708726B000C2B9A /* Storyboardable.swift in Sources */,
				3E0E4AAA270843D30020F616 /* SceneDelegate.swift in Sources */,
				3E4AFBD1273ED505008438EA /* SearchViewController.swift in Sources */,
				3E0E4AE32708CD570020F616 /* AuthenticationViewController.swift in Sources */,
				FFE19B3927087013000C2B9A /* HomeViewController.swift in Sources */,
				3E4AFBC6273EBBFD008438EA /* EmailLoginViewController.swift in Sources */,
				3E0E4AE52708DA970020F616 /* SetPasswordViewController.swift in Sources */,
				3E0E4AC627084FA20020F616 /* URLRequest.swift in Sources */,
			);
			runOnlyForDeploymentPostprocessing = 0;
		};
/* End PBXSourcesBuildPhase section */

/* Begin PBXVariantGroup section */
		3E0E4AAD270843D30020F616 /* Main.storyboard */ = {
			isa = PBXVariantGroup;
			children = (
				3E0E4AAE270843D30020F616 /* Base */,
			);
			name = Main.storyboard;
			sourceTree = "<group>";
		};
		3E0E4AB2270843D40020F616 /* LaunchScreen.storyboard */ = {
			isa = PBXVariantGroup;
			children = (
				3E0E4AB3270843D40020F616 /* Base */,
			);
			name = LaunchScreen.storyboard;
			sourceTree = "<group>";
		};
/* End PBXVariantGroup section */

/* Begin XCBuildConfiguration section */
		3E0E4AB6270843D40020F616 /* Debug */ = {
			isa = XCBuildConfiguration;
			buildSettings = {
				ALWAYS_SEARCH_USER_PATHS = NO;
				CLANG_ANALYZER_NONNULL = YES;
				CLANG_ANALYZER_NUMBER_OBJECT_CONVERSION = YES_AGGRESSIVE;
				CLANG_CXX_LANGUAGE_STANDARD = "gnu++14";
				CLANG_CXX_LIBRARY = "libc++";
				CLANG_ENABLE_MODULES = YES;
				CLANG_ENABLE_OBJC_ARC = YES;
				CLANG_ENABLE_OBJC_WEAK = YES;
				CLANG_WARN_BLOCK_CAPTURE_AUTORELEASING = YES;
				CLANG_WARN_BOOL_CONVERSION = YES;
				CLANG_WARN_COMMA = YES;
				CLANG_WARN_CONSTANT_CONVERSION = YES;
				CLANG_WARN_DEPRECATED_OBJC_IMPLEMENTATIONS = YES;
				CLANG_WARN_DIRECT_OBJC_ISA_USAGE = YES_ERROR;
				CLANG_WARN_DOCUMENTATION_COMMENTS = YES;
				CLANG_WARN_EMPTY_BODY = YES;
				CLANG_WARN_ENUM_CONVERSION = YES;
				CLANG_WARN_INFINITE_RECURSION = YES;
				CLANG_WARN_INT_CONVERSION = YES;
				CLANG_WARN_NON_LITERAL_NULL_CONVERSION = YES;
				CLANG_WARN_OBJC_IMPLICIT_RETAIN_SELF = YES;
				CLANG_WARN_OBJC_LITERAL_CONVERSION = YES;
				CLANG_WARN_OBJC_ROOT_CLASS = YES_ERROR;
				CLANG_WARN_QUOTED_INCLUDE_IN_FRAMEWORK_HEADER = YES;
				CLANG_WARN_RANGE_LOOP_ANALYSIS = YES;
				CLANG_WARN_STRICT_PROTOTYPES = YES;
				CLANG_WARN_SUSPICIOUS_MOVE = YES;
				CLANG_WARN_UNGUARDED_AVAILABILITY = YES_AGGRESSIVE;
				CLANG_WARN_UNREACHABLE_CODE = YES;
				CLANG_WARN__DUPLICATE_METHOD_MATCH = YES;
				COPY_PHASE_STRIP = NO;
				DEBUG_INFORMATION_FORMAT = dwarf;
				ENABLE_STRICT_OBJC_MSGSEND = YES;
				ENABLE_TESTABILITY = YES;
				GCC_C_LANGUAGE_STANDARD = gnu11;
				GCC_DYNAMIC_NO_PIC = NO;
				GCC_NO_COMMON_BLOCKS = YES;
				GCC_OPTIMIZATION_LEVEL = 0;
				GCC_PREPROCESSOR_DEFINITIONS = (
					"DEBUG=1",
					"$(inherited)",
				);
				GCC_WARN_64_TO_32_BIT_CONVERSION = YES;
				GCC_WARN_ABOUT_RETURN_TYPE = YES_ERROR;
				GCC_WARN_UNDECLARED_SELECTOR = YES;
				GCC_WARN_UNINITIALIZED_AUTOS = YES_AGGRESSIVE;
				GCC_WARN_UNUSED_FUNCTION = YES;
				GCC_WARN_UNUSED_VARIABLE = YES;
				IPHONEOS_DEPLOYMENT_TARGET = 14.5;
				MTL_ENABLE_DEBUG_INFO = INCLUDE_SOURCE;
				MTL_FAST_MATH = YES;
				ONLY_ACTIVE_ARCH = YES;
				SDKROOT = iphoneos;
				SWIFT_ACTIVE_COMPILATION_CONDITIONS = DEBUG;
				SWIFT_OPTIMIZATION_LEVEL = "-Onone";
			};
			name = Debug;
		};
		3E0E4AB7270843D40020F616 /* Release */ = {
			isa = XCBuildConfiguration;
			buildSettings = {
				ALWAYS_SEARCH_USER_PATHS = NO;
				CLANG_ANALYZER_NONNULL = YES;
				CLANG_ANALYZER_NUMBER_OBJECT_CONVERSION = YES_AGGRESSIVE;
				CLANG_CXX_LANGUAGE_STANDARD = "gnu++14";
				CLANG_CXX_LIBRARY = "libc++";
				CLANG_ENABLE_MODULES = YES;
				CLANG_ENABLE_OBJC_ARC = YES;
				CLANG_ENABLE_OBJC_WEAK = YES;
				CLANG_WARN_BLOCK_CAPTURE_AUTORELEASING = YES;
				CLANG_WARN_BOOL_CONVERSION = YES;
				CLANG_WARN_COMMA = YES;
				CLANG_WARN_CONSTANT_CONVERSION = YES;
				CLANG_WARN_DEPRECATED_OBJC_IMPLEMENTATIONS = YES;
				CLANG_WARN_DIRECT_OBJC_ISA_USAGE = YES_ERROR;
				CLANG_WARN_DOCUMENTATION_COMMENTS = YES;
				CLANG_WARN_EMPTY_BODY = YES;
				CLANG_WARN_ENUM_CONVERSION = YES;
				CLANG_WARN_INFINITE_RECURSION = YES;
				CLANG_WARN_INT_CONVERSION = YES;
				CLANG_WARN_NON_LITERAL_NULL_CONVERSION = YES;
				CLANG_WARN_OBJC_IMPLICIT_RETAIN_SELF = YES;
				CLANG_WARN_OBJC_LITERAL_CONVERSION = YES;
				CLANG_WARN_OBJC_ROOT_CLASS = YES_ERROR;
				CLANG_WARN_QUOTED_INCLUDE_IN_FRAMEWORK_HEADER = YES;
				CLANG_WARN_RANGE_LOOP_ANALYSIS = YES;
				CLANG_WARN_STRICT_PROTOTYPES = YES;
				CLANG_WARN_SUSPICIOUS_MOVE = YES;
				CLANG_WARN_UNGUARDED_AVAILABILITY = YES_AGGRESSIVE;
				CLANG_WARN_UNREACHABLE_CODE = YES;
				CLANG_WARN__DUPLICATE_METHOD_MATCH = YES;
				COPY_PHASE_STRIP = NO;
				DEBUG_INFORMATION_FORMAT = "dwarf-with-dsym";
				ENABLE_NS_ASSERTIONS = NO;
				ENABLE_STRICT_OBJC_MSGSEND = YES;
				GCC_C_LANGUAGE_STANDARD = gnu11;
				GCC_NO_COMMON_BLOCKS = YES;
				GCC_WARN_64_TO_32_BIT_CONVERSION = YES;
				GCC_WARN_ABOUT_RETURN_TYPE = YES_ERROR;
				GCC_WARN_UNDECLARED_SELECTOR = YES;
				GCC_WARN_UNINITIALIZED_AUTOS = YES_AGGRESSIVE;
				GCC_WARN_UNUSED_FUNCTION = YES;
				GCC_WARN_UNUSED_VARIABLE = YES;
				IPHONEOS_DEPLOYMENT_TARGET = 14.5;
				MTL_ENABLE_DEBUG_INFO = NO;
				MTL_FAST_MATH = YES;
				SDKROOT = iphoneos;
				SWIFT_COMPILATION_MODE = wholemodule;
				SWIFT_OPTIMIZATION_LEVEL = "-O";
				VALIDATE_PRODUCT = YES;
			};
			name = Release;
		};
		3E0E4AB9270843D40020F616 /* Debug */ = {
			isa = XCBuildConfiguration;
			buildSettings = {
				ASSETCATALOG_COMPILER_APPICON_NAME = AppIcon;
				ASSETCATALOG_COMPILER_GLOBAL_ACCENT_COLOR_NAME = AccentColor;
				CODE_SIGN_STYLE = Automatic;
				DEVELOPMENT_TEAM = REPXTXVF2V;
				INFOPLIST_FILE = Space/SupportingFiles/Info.plist;
				LD_RUNPATH_SEARCH_PATHS = (
					"$(inherited)",
					"@executable_path/Frameworks",
				);
				PRODUCT_BUNDLE_IDENTIFIER = "mash-up.Space";
				PRODUCT_NAME = "$(TARGET_NAME)";
				SWIFT_VERSION = 5.0;
				TARGETED_DEVICE_FAMILY = "1,2";
			};
			name = Debug;
		};
		3E0E4ABA270843D40020F616 /* Release */ = {
			isa = XCBuildConfiguration;
			buildSettings = {
				ASSETCATALOG_COMPILER_APPICON_NAME = AppIcon;
				ASSETCATALOG_COMPILER_GLOBAL_ACCENT_COLOR_NAME = AccentColor;
				CODE_SIGN_STYLE = Automatic;
				DEVELOPMENT_TEAM = REPXTXVF2V;
				INFOPLIST_FILE = Space/SupportingFiles/Info.plist;
				LD_RUNPATH_SEARCH_PATHS = (
					"$(inherited)",
					"@executable_path/Frameworks",
				);
				PRODUCT_BUNDLE_IDENTIFIER = "mash-up.Space";
				PRODUCT_NAME = "$(TARGET_NAME)";
				SWIFT_VERSION = 5.0;
				TARGETED_DEVICE_FAMILY = "1,2";
			};
			name = Release;
		};
/* End XCBuildConfiguration section */

/* Begin XCConfigurationList section */
		3E0E4A9F270843D30020F616 /* Build configuration list for PBXProject "Space" */ = {
			isa = XCConfigurationList;
			buildConfigurations = (
				3E0E4AB6270843D40020F616 /* Debug */,
				3E0E4AB7270843D40020F616 /* Release */,
			);
			defaultConfigurationIsVisible = 0;
			defaultConfigurationName = Release;
		};
		3E0E4AB8270843D40020F616 /* Build configuration list for PBXNativeTarget "Space" */ = {
			isa = XCConfigurationList;
			buildConfigurations = (
				3E0E4AB9270843D40020F616 /* Debug */,
				3E0E4ABA270843D40020F616 /* Release */,
			);
			defaultConfigurationIsVisible = 0;
			defaultConfigurationName = Release;
		};
/* End XCConfigurationList section */

/* Begin XCRemoteSwiftPackageReference section */
		FFE19B48270885D4000C2B9A /* XCRemoteSwiftPackageReference "PanModal" */ = {
			isa = XCRemoteSwiftPackageReference;
			repositoryURL = "https://github.com/slackhq/PanModal.git";
			requirement = {
				kind = upToNextMajorVersion;
				minimumVersion = 1.0.0;
			};
		};
		FFE19B5327088D4D000C2B9A /* XCRemoteSwiftPackageReference "Kingfisher" */ = {
			isa = XCRemoteSwiftPackageReference;
			repositoryURL = "https://github.com/onevcat/Kingfisher.git";
			requirement = {
				kind = upToNextMajorVersion;
				minimumVersion = 7.0.0;
			};
		};
/* End XCRemoteSwiftPackageReference section */

/* Begin XCSwiftPackageProductDependency section */
		FFE19B49270885D4000C2B9A /* PanModal */ = {
			isa = XCSwiftPackageProductDependency;
			package = FFE19B48270885D4000C2B9A /* XCRemoteSwiftPackageReference "PanModal" */;
			productName = PanModal;
		};
		FFE19B5427088D4D000C2B9A /* Kingfisher */ = {
			isa = XCSwiftPackageProductDependency;
			package = FFE19B5327088D4D000C2B9A /* XCRemoteSwiftPackageReference "Kingfisher" */;
			productName = Kingfisher;
		};
/* End XCSwiftPackageProductDependency section */
	};
	rootObject = 3E0E4A9C270843D30020F616 /* Project object */;
}
