// !$*UTF8*$!
{
	archiveVersion = 1;
	classes = {
	};
	objectVersion = 55;
	objects = {

/* Begin PBXBuildFile section */
		FFE19AD72706DA91000C2B9A /* AppDelegate.swift in Sources */ = {isa = PBXBuildFile; fileRef = FFE19AD62706DA91000C2B9A /* AppDelegate.swift */; };
		FFE19AD92706DA91000C2B9A /* SceneDelegate.swift in Sources */ = {isa = PBXBuildFile; fileRef = FFE19AD82706DA91000C2B9A /* SceneDelegate.swift */; };
		FFE19ADB2706DA91000C2B9A /* LandingViewController.swift in Sources */ = {isa = PBXBuildFile; fileRef = FFE19ADA2706DA91000C2B9A /* LandingViewController.swift */; };
		FFE19ADE2706DA91000C2B9A /* Landing.storyboard in Resources */ = {isa = PBXBuildFile; fileRef = FFE19ADC2706DA91000C2B9A /* Landing.storyboard */; };
		FFE19AE02706DA93000C2B9A /* Assets.xcassets in Resources */ = {isa = PBXBuildFile; fileRef = FFE19ADF2706DA93000C2B9A /* Assets.xcassets */; };
		FFE19AE32706DA93000C2B9A /* LaunchScreen.storyboard in Resources */ = {isa = PBXBuildFile; fileRef = FFE19AE12706DA93000C2B9A /* LaunchScreen.storyboard */; };
		FFE19AEE2706DCEC000C2B9A /* SignInHomeViewController.swift in Sources */ = {isa = PBXBuildFile; fileRef = FFE19AED2706DCEC000C2B9A /* SignInHomeViewController.swift */; };
		FFE19AF12706DD36000C2B9A /* HomeViewController.swift in Sources */ = {isa = PBXBuildFile; fileRef = FFE19AF02706DD36000C2B9A /* HomeViewController.swift */; };
		FFE19AF32706DD41000C2B9A /* MyPageViewController.swift in Sources */ = {isa = PBXBuildFile; fileRef = FFE19AF22706DD41000C2B9A /* MyPageViewController.swift */; };
		FFE19AF72706DD8D000C2B9A /* CommunityViewController.swift in Sources */ = {isa = PBXBuildFile; fileRef = FFE19AF62706DD8D000C2B9A /* CommunityViewController.swift */; };
/* End PBXBuildFile section */

/* Begin PBXFileReference section */
		FFE19AD32706DA91000C2B9A /* Space.app */ = {isa = PBXFileReference; explicitFileType = wrapper.application; includeInIndex = 0; path = Space.app; sourceTree = BUILT_PRODUCTS_DIR; };
		FFE19AD62706DA91000C2B9A /* AppDelegate.swift */ = {isa = PBXFileReference; lastKnownFileType = sourcecode.swift; path = AppDelegate.swift; sourceTree = "<group>"; };
		FFE19AD82706DA91000C2B9A /* SceneDelegate.swift */ = {isa = PBXFileReference; lastKnownFileType = sourcecode.swift; path = SceneDelegate.swift; sourceTree = "<group>"; };
		FFE19ADA2706DA91000C2B9A /* LandingViewController.swift */ = {isa = PBXFileReference; lastKnownFileType = sourcecode.swift; path = LandingViewController.swift; sourceTree = "<group>"; };
		FFE19ADD2706DA91000C2B9A /* Base */ = {isa = PBXFileReference; lastKnownFileType = file.storyboard; name = Base; path = Base.lproj/Landing.storyboard; sourceTree = "<group>"; };
		FFE19ADF2706DA93000C2B9A /* Assets.xcassets */ = {isa = PBXFileReference; lastKnownFileType = folder.assetcatalog; path = Assets.xcassets; sourceTree = "<group>"; };
		FFE19AE22706DA93000C2B9A /* Base */ = {isa = PBXFileReference; lastKnownFileType = file.storyboard; name = Base; path = Base.lproj/LaunchScreen.storyboard; sourceTree = "<group>"; };
		FFE19AE42706DA93000C2B9A /* Info.plist */ = {isa = PBXFileReference; lastKnownFileType = text.plist.xml; path = Info.plist; sourceTree = "<group>"; };
		FFE19AED2706DCEC000C2B9A /* SignInHomeViewController.swift */ = {isa = PBXFileReference; lastKnownFileType = sourcecode.swift; path = SignInHomeViewController.swift; sourceTree = "<group>"; };
		FFE19AF02706DD36000C2B9A /* HomeViewController.swift */ = {isa = PBXFileReference; lastKnownFileType = sourcecode.swift; path = HomeViewController.swift; sourceTree = "<group>"; };
		FFE19AF22706DD41000C2B9A /* MyPageViewController.swift */ = {isa = PBXFileReference; lastKnownFileType = sourcecode.swift; path = MyPageViewController.swift; sourceTree = "<group>"; };
		FFE19AF62706DD8D000C2B9A /* CommunityViewController.swift */ = {isa = PBXFileReference; lastKnownFileType = sourcecode.swift; path = CommunityViewController.swift; sourceTree = "<group>"; };
/* End PBXFileReference section */

/* Begin PBXFrameworksBuildPhase section */
		FFE19AD02706DA91000C2B9A /* Frameworks */ = {
			isa = PBXFrameworksBuildPhase;
			buildActionMask = 2147483647;
			files = (
			);
			runOnlyForDeploymentPostprocessing = 0;
		};
/* End PBXFrameworksBuildPhase section */

/* Begin PBXGroup section */
		FFE19ACA2706DA91000C2B9A = {
			isa = PBXGroup;
			children = (
				FFE19AD52706DA91000C2B9A /* Space */,
				FFE19AD42706DA91000C2B9A /* Products */,
			);
			sourceTree = "<group>";
		};
		FFE19AD42706DA91000C2B9A /* Products */ = {
			isa = PBXGroup;
			children = (
				FFE19AD32706DA91000C2B9A /* Space.app */,
			);
			name = Products;
			sourceTree = "<group>";
		};
		FFE19AD52706DA91000C2B9A /* Space */ = {
			isa = PBXGroup;
			children = (
				FFE19AEB2706DAD2000C2B9A /* App */,
				FFE19AEA2706DAC6000C2B9A /* Resource */,
				FFE19AEC2706DC0B000C2B9A /* Landing */,
				FFE19AEF2706DCEF000C2B9A /* SignIn */,
				FFE19AFA2706DDA0000C2B9A /* Home */,
				FFE19AF92706DD9B000C2B9A /* MyPage */,
				FFE19AF82706DD93000C2B9A /* Community */,
			);
			path = Space;
			sourceTree = "<group>";
		};
		FFE19AEA2706DAC6000C2B9A /* Resource */ = {
			isa = PBXGroup;
			children = (
				FFE19AE42706DA93000C2B9A /* Info.plist */,
				FFE19ADF2706DA93000C2B9A /* Assets.xcassets */,
			);
			path = Resource;
			sourceTree = "<group>";
		};
		FFE19AEB2706DAD2000C2B9A /* App */ = {
			isa = PBXGroup;
			children = (
				FFE19AD62706DA91000C2B9A /* AppDelegate.swift */,
				FFE19AD82706DA91000C2B9A /* SceneDelegate.swift */,
			);
			path = App;
			sourceTree = "<group>";
		};
		FFE19AEC2706DC0B000C2B9A /* Landing */ = {
			isa = PBXGroup;
			children = (
				FFE19ADA2706DA91000C2B9A /* LandingViewController.swift */,
				FFE19ADC2706DA91000C2B9A /* Landing.storyboard */,
				FFE19AE12706DA93000C2B9A /* LaunchScreen.storyboard */,
			);
			path = Landing;
			sourceTree = "<group>";
		};
		FFE19AEF2706DCEF000C2B9A /* SignIn */ = {
			isa = PBXGroup;
			children = (
				FFE19AED2706DCEC000C2B9A /* SignInHomeViewController.swift */,
			);
			path = SignIn;
			sourceTree = "<group>";
		};
		FFE19AF82706DD93000C2B9A /* Community */ = {
			isa = PBXGroup;
			children = (
				FFE19AF62706DD8D000C2B9A /* CommunityViewController.swift */,
			);
			path = Community;
			sourceTree = "<group>";
		};
		FFE19AF92706DD9B000C2B9A /* MyPage */ = {
			isa = PBXGroup;
			children = (
				FFE19AF22706DD41000C2B9A /* MyPageViewController.swift */,
			);
			path = MyPage;
			sourceTree = "<group>";
		};
		FFE19AFA2706DDA0000C2B9A /* Home */ = {
			isa = PBXGroup;
			children = (
				FFE19AF02706DD36000C2B9A /* HomeViewController.swift */,
			);
			path = Home;
			sourceTree = "<group>";
		};
/* End PBXGroup section */

/* Begin PBXNativeTarget section */
		FFE19AD22706DA91000C2B9A /* Space */ = {
			isa = PBXNativeTarget;
			buildConfigurationList = FFE19AE72706DA93000C2B9A /* Build configuration list for PBXNativeTarget "Space" */;
			buildPhases = (
				FFE19ACF2706DA91000C2B9A /* Sources */,
				FFE19AD02706DA91000C2B9A /* Frameworks */,
				FFE19AD12706DA91000C2B9A /* Resources */,
			);
			buildRules = (
			);
			dependencies = (
			);
			name = Space;
			productName = Space;
			productReference = FFE19AD32706DA91000C2B9A /* Space.app */;
			productType = "com.apple.product-type.application";
		};
/* End PBXNativeTarget section */

/* Begin PBXProject section */
		FFE19ACB2706DA91000C2B9A /* Project object */ = {
			isa = PBXProject;
			attributes = {
				BuildIndependentTargetsInParallel = 1;
				LastSwiftUpdateCheck = 1300;
				LastUpgradeCheck = 1300;
				TargetAttributes = {
					FFE19AD22706DA91000C2B9A = {
						CreatedOnToolsVersion = 13.0;
					};
				};
			};
			buildConfigurationList = FFE19ACE2706DA91000C2B9A /* Build configuration list for PBXProject "Space" */;
			compatibilityVersion = "Xcode 13.0";
			developmentRegion = en;
			hasScannedForEncodings = 0;
			knownRegions = (
				en,
				Base,
			);
			mainGroup = FFE19ACA2706DA91000C2B9A;
			productRefGroup = FFE19AD42706DA91000C2B9A /* Products */;
			projectDirPath = "";
			projectRoot = "";
			targets = (
				FFE19AD22706DA91000C2B9A /* Space */,
			);
		};
/* End PBXProject section */

/* Begin PBXResourcesBuildPhase section */
		FFE19AD12706DA91000C2B9A /* Resources */ = {
			isa = PBXResourcesBuildPhase;
			buildActionMask = 2147483647;
			files = (
				FFE19AE32706DA93000C2B9A /* LaunchScreen.storyboard in Resources */,
				FFE19AE02706DA93000C2B9A /* Assets.xcassets in Resources */,
				FFE19ADE2706DA91000C2B9A /* Landing.storyboard in Resources */,
			);
			runOnlyForDeploymentPostprocessing = 0;
		};
/* End PBXResourcesBuildPhase section */

/* Begin PBXSourcesBuildPhase section */
		FFE19ACF2706DA91000C2B9A /* Sources */ = {
			isa = PBXSourcesBuildPhase;
			buildActionMask = 2147483647;
			files = (
				FFE19AF12706DD36000C2B9A /* HomeViewController.swift in Sources */,
				FFE19AF32706DD41000C2B9A /* MyPageViewController.swift in Sources */,
				FFE19ADB2706DA91000C2B9A /* LandingViewController.swift in Sources */,
				FFE19AEE2706DCEC000C2B9A /* SignInHomeViewController.swift in Sources */,
				FFE19AD72706DA91000C2B9A /* AppDelegate.swift in Sources */,
				FFE19AD92706DA91000C2B9A /* SceneDelegate.swift in Sources */,
				FFE19AF72706DD8D000C2B9A /* CommunityViewController.swift in Sources */,
			);
			runOnlyForDeploymentPostprocessing = 0;
		};
/* End PBXSourcesBuildPhase section */

/* Begin PBXVariantGroup section */
		FFE19ADC2706DA91000C2B9A /* Landing.storyboard */ = {
			isa = PBXVariantGroup;
			children = (
				FFE19ADD2706DA91000C2B9A /* Base */,
			);
			name = Landing.storyboard;
			sourceTree = "<group>";
		};
		FFE19AE12706DA93000C2B9A /* LaunchScreen.storyboard */ = {
			isa = PBXVariantGroup;
			children = (
				FFE19AE22706DA93000C2B9A /* Base */,
			);
			name = LaunchScreen.storyboard;
			sourceTree = "<group>";
		};
/* End PBXVariantGroup section */

/* Begin XCBuildConfiguration section */
		FFE19AE52706DA93000C2B9A /* Debug */ = {
			isa = XCBuildConfiguration;
			buildSettings = {
				ALWAYS_SEARCH_USER_PATHS = NO;
				CLANG_ANALYZER_NONNULL = YES;
				CLANG_ANALYZER_NUMBER_OBJECT_CONVERSION = YES_AGGRESSIVE;
				CLANG_CXX_LANGUAGE_STANDARD = "gnu++17";
				CLANG_CXX_LIBRARY = "libc++";
				CLANG_ENABLE_MODULES = YES;
				CLANG_ENABLE_OBJC_ARC = YES;
				CLANG_ENABLE_OBJC_WEAK = YES;
				CLANG_WARN_BLOCK_CAPTURE_AUTORELEASING = YES;
				CLANG_WARN_BOOL_CONVERSION = YES;
				CLANG_WARN_COMMA = YES;
				CLANG_WARN_CONSTANT_CONVERSION = YES;
				CLANG_WARN_DEPRECATED_OBJC_IMPLEMENTATIONS = YES;
				CLANG_WARN_DIRECT_OBJC_ISA_USAGE = YES_ERROR;
				CLANG_WARN_DOCUMENTATION_COMMENTS = YES;
				CLANG_WARN_EMPTY_BODY = YES;
				CLANG_WARN_ENUM_CONVERSION = YES;
				CLANG_WARN_INFINITE_RECURSION = YES;
				CLANG_WARN_INT_CONVERSION = YES;
				CLANG_WARN_NON_LITERAL_NULL_CONVERSION = YES;
				CLANG_WARN_OBJC_IMPLICIT_RETAIN_SELF = YES;
				CLANG_WARN_OBJC_LITERAL_CONVERSION = YES;
				CLANG_WARN_OBJC_ROOT_CLASS = YES_ERROR;
				CLANG_WARN_QUOTED_INCLUDE_IN_FRAMEWORK_HEADER = YES;
				CLANG_WARN_RANGE_LOOP_ANALYSIS = YES;
				CLANG_WARN_STRICT_PROTOTYPES = YES;
				CLANG_WARN_SUSPICIOUS_MOVE = YES;
				CLANG_WARN_UNGUARDED_AVAILABILITY = YES_AGGRESSIVE;
				CLANG_WARN_UNREACHABLE_CODE = YES;
				CLANG_WARN__DUPLICATE_METHOD_MATCH = YES;
				COPY_PHASE_STRIP = NO;
				DEBUG_INFORMATION_FORMAT = dwarf;
				ENABLE_STRICT_OBJC_MSGSEND = YES;
				ENABLE_TESTABILITY = YES;
				GCC_C_LANGUAGE_STANDARD = gnu11;
				GCC_DYNAMIC_NO_PIC = NO;
				GCC_NO_COMMON_BLOCKS = YES;
				GCC_OPTIMIZATION_LEVEL = 0;
				GCC_PREPROCESSOR_DEFINITIONS = (
					"DEBUG=1",
					"$(inherited)",
				);
				GCC_WARN_64_TO_32_BIT_CONVERSION = YES;
				GCC_WARN_ABOUT_RETURN_TYPE = YES_ERROR;
				GCC_WARN_UNDECLARED_SELECTOR = YES;
				GCC_WARN_UNINITIALIZED_AUTOS = YES_AGGRESSIVE;
				GCC_WARN_UNUSED_FUNCTION = YES;
				GCC_WARN_UNUSED_VARIABLE = YES;
				IPHONEOS_DEPLOYMENT_TARGET = 15.0;
				MTL_ENABLE_DEBUG_INFO = INCLUDE_SOURCE;
				MTL_FAST_MATH = YES;
				ONLY_ACTIVE_ARCH = YES;
				SDKROOT = iphoneos;
				SWIFT_ACTIVE_COMPILATION_CONDITIONS = DEBUG;
				SWIFT_OPTIMIZATION_LEVEL = "-Onone";
			};
			name = Debug;
		};
		FFE19AE62706DA93000C2B9A /* Release */ = {
			isa = XCBuildConfiguration;
			buildSettings = {
				ALWAYS_SEARCH_USER_PATHS = NO;
				CLANG_ANALYZER_NONNULL = YES;
				CLANG_ANALYZER_NUMBER_OBJECT_CONVERSION = YES_AGGRESSIVE;
				CLANG_CXX_LANGUAGE_STANDARD = "gnu++17";
				CLANG_CXX_LIBRARY = "libc++";
				CLANG_ENABLE_MODULES = YES;
				CLANG_ENABLE_OBJC_ARC = YES;
				CLANG_ENABLE_OBJC_WEAK = YES;
				CLANG_WARN_BLOCK_CAPTURE_AUTORELEASING = YES;
				CLANG_WARN_BOOL_CONVERSION = YES;
				CLANG_WARN_COMMA = YES;
				CLANG_WARN_CONSTANT_CONVERSION = YES;
				CLANG_WARN_DEPRECATED_OBJC_IMPLEMENTATIONS = YES;
				CLANG_WARN_DIRECT_OBJC_ISA_USAGE = YES_ERROR;
				CLANG_WARN_DOCUMENTATION_COMMENTS = YES;
				CLANG_WARN_EMPTY_BODY = YES;
				CLANG_WARN_ENUM_CONVERSION = YES;
				CLANG_WARN_INFINITE_RECURSION = YES;
				CLANG_WARN_INT_CONVERSION = YES;
				CLANG_WARN_NON_LITERAL_NULL_CONVERSION = YES;
				CLANG_WARN_OBJC_IMPLICIT_RETAIN_SELF = YES;
				CLANG_WARN_OBJC_LITERAL_CONVERSION = YES;
				CLANG_WARN_OBJC_ROOT_CLASS = YES_ERROR;
				CLANG_WARN_QUOTED_INCLUDE_IN_FRAMEWORK_HEADER = YES;
				CLANG_WARN_RANGE_LOOP_ANALYSIS = YES;
				CLANG_WARN_STRICT_PROTOTYPES = YES;
				CLANG_WARN_SUSPICIOUS_MOVE = YES;
				CLANG_WARN_UNGUARDED_AVAILABILITY = YES_AGGRESSIVE;
				CLANG_WARN_UNREACHABLE_CODE = YES;
				CLANG_WARN__DUPLICATE_METHOD_MATCH = YES;
				COPY_PHASE_STRIP = NO;
				DEBUG_INFORMATION_FORMAT = "dwarf-with-dsym";
				ENABLE_NS_ASSERTIONS = NO;
				ENABLE_STRICT_OBJC_MSGSEND = YES;
				GCC_C_LANGUAGE_STANDARD = gnu11;
				GCC_NO_COMMON_BLOCKS = YES;
				GCC_WARN_64_TO_32_BIT_CONVERSION = YES;
				GCC_WARN_ABOUT_RETURN_TYPE = YES_ERROR;
				GCC_WARN_UNDECLARED_SELECTOR = YES;
				GCC_WARN_UNINITIALIZED_AUTOS = YES_AGGRESSIVE;
				GCC_WARN_UNUSED_FUNCTION = YES;
				GCC_WARN_UNUSED_VARIABLE = YES;
				IPHONEOS_DEPLOYMENT_TARGET = 15.0;
				MTL_ENABLE_DEBUG_INFO = NO;
				MTL_FAST_MATH = YES;
				SDKROOT = iphoneos;
				SWIFT_COMPILATION_MODE = wholemodule;
				SWIFT_OPTIMIZATION_LEVEL = "-O";
				VALIDATE_PRODUCT = YES;
			};
			name = Release;
		};
		FFE19AE82706DA93000C2B9A /* Debug */ = {
			isa = XCBuildConfiguration;
			buildSettings = {
				ASSETCATALOG_COMPILER_APPICON_NAME = AppIcon;
				ASSETCATALOG_COMPILER_GLOBAL_ACCENT_COLOR_NAME = AccentColor;
				CODE_SIGN_STYLE = Automatic;
				CURRENT_PROJECT_VERSION = 1;
				GENERATE_INFOPLIST_FILE = YES;
				INFOPLIST_FILE = Space/Resource/Info.plist;
				INFOPLIST_KEY_UIApplicationSupportsIndirectInputEvents = YES;
				INFOPLIST_KEY_UILaunchStoryboardName = LaunchScreen;
				INFOPLIST_KEY_UIMainStoryboardFile = Landing;
				INFOPLIST_KEY_UISupportedInterfaceOrientations_iPad = "UIInterfaceOrientationPortrait UIInterfaceOrientationPortraitUpsideDown UIInterfaceOrientationLandscapeLeft UIInterfaceOrientationLandscapeRight";
				INFOPLIST_KEY_UISupportedInterfaceOrientations_iPhone = "UIInterfaceOrientationPortrait UIInterfaceOrientationLandscapeLeft UIInterfaceOrientationLandscapeRight";
				LD_RUNPATH_SEARCH_PATHS = (
					"$(inherited)",
					"@executable_path/Frameworks",
				);
				MARKETING_VERSION = 1.0;
				PRODUCT_BUNDLE_IDENTIFIER = com.anonymous.Space;
				PRODUCT_NAME = "$(TARGET_NAME)";
				SWIFT_EMIT_LOC_STRINGS = YES;
				SWIFT_VERSION = 5.0;
				TARGETED_DEVICE_FAMILY = "1,2";
			};
			name = Debug;
		};
		FFE19AE92706DA93000C2B9A /* Release */ = {
			isa = XCBuildConfiguration;
			buildSettings = {
				ASSETCATALOG_COMPILER_APPICON_NAME = AppIcon;
				ASSETCATALOG_COMPILER_GLOBAL_ACCENT_COLOR_NAME = AccentColor;
				CODE_SIGN_STYLE = Automatic;
				CURRENT_PROJECT_VERSION = 1;
				GENERATE_INFOPLIST_FILE = YES;
				INFOPLIST_FILE = Space/Resource/Info.plist;
				INFOPLIST_KEY_UIApplicationSupportsIndirectInputEvents = YES;
				INFOPLIST_KEY_UILaunchStoryboardName = LaunchScreen;
				INFOPLIST_KEY_UIMainStoryboardFile = Landing;
				INFOPLIST_KEY_UISupportedInterfaceOrientations_iPad = "UIInterfaceOrientationPortrait UIInterfaceOrientationPortraitUpsideDown UIInterfaceOrientationLandscapeLeft UIInterfaceOrientationLandscapeRight";
				INFOPLIST_KEY_UISupportedInterfaceOrientations_iPhone = "UIInterfaceOrientationPortrait UIInterfaceOrientationLandscapeLeft UIInterfaceOrientationLandscapeRight";
				LD_RUNPATH_SEARCH_PATHS = (
					"$(inherited)",
					"@executable_path/Frameworks",
				);
				MARKETING_VERSION = 1.0;
				PRODUCT_BUNDLE_IDENTIFIER = com.anonymous.Space;
				PRODUCT_NAME = "$(TARGET_NAME)";
				SWIFT_EMIT_LOC_STRINGS = YES;
				SWIFT_VERSION = 5.0;
				TARGETED_DEVICE_FAMILY = "1,2";
			};
			name = Release;
		};
/* End XCBuildConfiguration section */

/* Begin XCConfigurationList section */
		FFE19ACE2706DA91000C2B9A /* Build configuration list for PBXProject "Space" */ = {
			isa = XCConfigurationList;
			buildConfigurations = (
				FFE19AE52706DA93000C2B9A /* Debug */,
				FFE19AE62706DA93000C2B9A /* Release */,
			);
			defaultConfigurationIsVisible = 0;
			defaultConfigurationName = Release;
		};
		FFE19AE72706DA93000C2B9A /* Build configuration list for PBXNativeTarget "Space" */ = {
			isa = XCConfigurationList;
			buildConfigurations = (
				FFE19AE82706DA93000C2B9A /* Debug */,
				FFE19AE92706DA93000C2B9A /* Release */,
			);
			defaultConfigurationIsVisible = 0;
			defaultConfigurationName = Release;
		};
/* End XCConfigurationList section */
	};
	rootObject = FFE19ACB2706DA91000C2B9A /* Project object */;
}
